{
  "nodes": {
    "nixpkgs": {
      "locked": {
        "lastModified": 1671878718,
        "narHash": "sha256-K2RGssYePTReJx9DZN+y8KsogXNyicv5GMfhfCRQcxI=",
        "owner": "NixOS",
        "repo": "nixpkgs",
        "rev": "b139bf1c47c6660cd0f5e2d3448e05e82da2ea6b",
        "type": "github"
      },
      "original": {
        "owner": "NixOS",
        "ref": "nixos-unstable-small",
        "repo": "nixpkgs",
        "type": "github"
      }
    },
    "root": {
      "inputs": {
        "nixpkgs": "nixpkgs"
      }
    }
  },
  "root": "root",
  "version": 7
}
